{
  "name": "moz-cldr-data",
  "version": "1.0.0",
  "lockfileVersion": 2,
  "requires": true,
  "packages": {
    "": {
      "name": "moz-cldr-data",
      "version": "1.0.0",
      "license": "ISC",
      "dependencies": {
        "cldr-core": "^41.0.0",
        "cldr-localenames-full": "^41.0.0"
      },
      "devDependencies": {}
    },
    "node_modules/cldr-core": {
      "version": "41.0.0",
      "resolved": "https://registry.npmjs.org/cldr-core/-/cldr-core-41.0.0.tgz",
      "integrity": "sha512-8UL/NVueD9BeyrYGjZWrAvhowmQt4THriUB04jxRHWST9Lmc9K1pISPjnbh0kIfRueslZ37EvQ53dxOm5w8pjQ=="
    },
    "node_modules/cldr-localenames-full": {
      "version": "41.0.0",
      "resolved": "https://registry.npmjs.org/cldr-localenames-full/-/cldr-localenames-full-41.0.0.tgz",
      "integrity": "sha512-sUOF1RXS5IwSnjCzeeytLS5bVI4uJtomiVT8t/yvLmzSJl+1TVBM9VKh44wiuojoM73d5r5Y3QEYNil3ZwM7ew==",
      "peerDependencies": {
        "cldr-core": "41.0.0"
      }
    }
  },
  "dependencies": {
    "cldr-core": {
      "version": "41.0.0",
      "resolved": "https://registry.npmjs.org/cldr-core/-/cldr-core-41.0.0.tgz",
      "integrity": "sha512-8UL/NVueD9BeyrYGjZWrAvhowmQt4THriUB04jxRHWST9Lmc9K1pISPjnbh0kIfRueslZ37EvQ53dxOm5w8pjQ=="
    },
    "cldr-localenames-full": {
      "version": "41.0.0",
      "resolved": "https://registry.npmjs.org/cldr-localenames-full/-/cldr-localenames-full-41.0.0.tgz",
      "integrity": "sha512-sUOF1RXS5IwSnjCzeeytLS5bVI4uJtomiVT8t/yvLmzSJl+1TVBM9VKh44wiuojoM73d5r5Y3QEYNil3ZwM7ew==",
      "requires": {}
    }
  }
}
